PODS:
  - Alamofire (4.4.0)
  - JTAppleCalendar (6.1.6)
  - SearchTextField (1.0.3)
  - SwiftyJSON (3.1.4)

DEPENDENCIES:
  - Alamofire (~> 4.4)
  - JTAppleCalendar (~> 6.1)
  - SearchTextField
  - SwiftyJSON

SPEC CHECKSUMS:
  Alamofire: dc44b1600b800eb63da6a19039a0083d62a6a62d
  JTAppleCalendar: 560fb46421880f53ad54123295072de24bca2b18
  SearchTextField: c0dacdec13dbf9951ceeaf7f340ece9a98a45014
  SwiftyJSON: c2842d878f95482ffceec5709abc3d05680c0220

PODFILE CHECKSUM: 9d84bd2830ee851b86a80e1f0b9e2c7aa4112893

COCOAPODS: 1.1.1
