// !$*UTF8*$!
{
	archiveVersion = 1;
	classes = {
	};
	objectVersion = 46;
	objects = {

/* Begin PBXBuildFile section */
		274D4ED5E4C4FB1B8F5407D0 /* Pods_Recircle.framework in Frameworks */ = {isa = PBXBuildFile; fileRef = 5CA2B2E31ECDC8A4F6F0561C /* Pods_Recircle.framework */; };
		7E1B0EDD1EC1C08B00A882E8 /* ProductImageCell.xib in Resources */ = {isa = PBXBuildFile; fileRef = 7E1B0EDC1EC1C08B00A882E8 /* ProductImageCell.xib */; };
		7E1B0EDF1EC1C16400A882E8 /* ProdImageCellView.swift in Sources */ = {isa = PBXBuildFile; fileRef = 7E1B0EDE1EC1C16400A882E8 /* ProdImageCellView.swift */; };
		7E21F31C1ECAD73400F078C2 /* ListItemPriceViewController.swift in Sources */ = {isa = PBXBuildFile; fileRef = 7E21F31B1ECAD73400F078C2 /* ListItemPriceViewController.swift */; };
		7E21F31E1ECADBC600F078C2 /* ListItemPhotosViewController.swift in Sources */ = {isa = PBXBuildFile; fileRef = 7E21F31D1ECADBC600F078C2 /* ListItemPhotosViewController.swift */; };
		7E21F3201ECAE8F300F078C2 /* ListItemDescViewController.swift in Sources */ = {isa = PBXBuildFile; fileRef = 7E21F31F1ECAE8F300F078C2 /* ListItemDescViewController.swift */; };
		7E21F3421ECB29EB00F078C2 /* RentItem.swift in Sources */ = {isa = PBXBuildFile; fileRef = 7E21F3411ECB29EB00F078C2 /* RentItem.swift */; };
		7E21F3461ECEDE3600F078C2 /* MapViewController.swift in Sources */ = {isa = PBXBuildFile; fileRef = 7E21F3451ECEDE3600F078C2 /* MapViewController.swift */; };
		7E21F3481ED2E4B800F078C2 /* ListItemImageCell.xib in Resources */ = {isa = PBXBuildFile; fileRef = 7E21F3471ED2E4B800F078C2 /* ListItemImageCell.xib */; };
		7E21F34A1ED2E52000F078C2 /* ListItemPhotoCell.swift in Sources */ = {isa = PBXBuildFile; fileRef = 7E21F3491ED2E52000F078C2 /* ListItemPhotoCell.swift */; };
		7E21F34C1ED2F33400F078C2 /* UserProdDiscounts.swift in Sources */ = {isa = PBXBuildFile; fileRef = 7E21F34B1ED2F33400F078C2 /* UserProdDiscounts.swift */; };
		7E21F34E1ED2F37D00F078C2 /* ListItem.swift in Sources */ = {isa = PBXBuildFile; fileRef = 7E21F34D1ED2F37D00F078C2 /* ListItem.swift */; };
		7E21F3501ED2F4C600F078C2 /* ListItemSummaryViewController.swift in Sources */ = {isa = PBXBuildFile; fileRef = 7E21F34F1ED2F4C600F078C2 /* ListItemSummaryViewController.swift */; };
		7E564E541EC9B40B000684C1 /* RentSummaryViewController.swift in Sources */ = {isa = PBXBuildFile; fileRef = 7E564E531EC9B40B000684C1 /* RentSummaryViewController.swift */; };
		7E8B35881E924F45000B5FF0 /* AppDelegate.swift in Sources */ = {isa = PBXBuildFile; fileRef = 7E8B35871E924F45000B5FF0 /* AppDelegate.swift */; };
		7E8B358A1E924F45000B5FF0 /* ViewController.swift in Sources */ = {isa = PBXBuildFile; fileRef = 7E8B35891E924F45000B5FF0 /* ViewController.swift */; };
		7E8B358D1E924F45000B5FF0 /* Main.storyboard in Resources */ = {isa = PBXBuildFile; fileRef = 7E8B358B1E924F45000B5FF0 /* Main.storyboard */; };
		7E8B35901E924F46000B5FF0 /* Recircle.xcdatamodeld in Sources */ = {isa = PBXBuildFile; fileRef = 7E8B358E1E924F45000B5FF0 /* Recircle.xcdatamodeld */; };
		7E8B35921E924F46000B5FF0 /* Assets.xcassets in Resources */ = {isa = PBXBuildFile; fileRef = 7E8B35911E924F46000B5FF0 /* Assets.xcassets */; };
		7E8B35951E924F46000B5FF0 /* LaunchScreen.storyboard in Resources */ = {isa = PBXBuildFile; fileRef = 7E8B35931E924F46000B5FF0 /* LaunchScreen.storyboard */; };
		7E8B359E1E926590000B5FF0 /* SearchViewController.swift in Sources */ = {isa = PBXBuildFile; fileRef = 7E8B359D1E926590000B5FF0 /* SearchViewController.swift */; };
		7E95D99F1EC3243F006170A7 /* TestViewController.swift in Sources */ = {isa = PBXBuildFile; fileRef = 7E95D99E1EC3243F006170A7 /* TestViewController.swift */; };
		7E95D9A11EC329CE006170A7 /* TestCellView.swift in Sources */ = {isa = PBXBuildFile; fileRef = 7E95D9A01EC329CE006170A7 /* TestCellView.swift */; };
		7E95D9A31EC32D76006170A7 /* TestCollectionViewCell.swift in Sources */ = {isa = PBXBuildFile; fileRef = 7E95D9A21EC32D76006170A7 /* TestCollectionViewCell.swift */; };
		7EA077141E964FD8001024FF /* DatePickerViewController.swift in Sources */ = {isa = PBXBuildFile; fileRef = 7EA077131E964FD8001024FF /* DatePickerViewController.swift */; };
		7EA077161E966A69001024FF /* DateCellView.xib in Resources */ = {isa = PBXBuildFile; fileRef = 7EA077151E966A69001024FF /* DateCellView.xib */; };
		7EA077181E966AF4001024FF /* DayCellView.swift in Sources */ = {isa = PBXBuildFile; fileRef = 7EA077171E966AF4001024FF /* DayCellView.swift */; };
		7EA9ACB41EBC697000623505 /* UserProdReviews.swift in Sources */ = {isa = PBXBuildFile; fileRef = 7EA9ACB31EBC697000623505 /* UserProdReviews.swift */; };
		7EA9ACB61EBC6A3B00623505 /* UserProdUnavailability.swift in Sources */ = {isa = PBXBuildFile; fileRef = 7EA9ACB51EBC6A3B00623505 /* UserProdUnavailability.swift */; };
		7EA9ACB81EBC806400623505 /* ReviewTableViewCell.swift in Sources */ = {isa = PBXBuildFile; fileRef = 7EA9ACB71EBC806400623505 /* ReviewTableViewCell.swift */; };
		7EB486331E9F905900656270 /* ProductCell.swift in Sources */ = {isa = PBXBuildFile; fileRef = 7EB486321E9F905900656270 /* ProductCell.swift */; };
		7EB486361EA4AAA300656270 /* ProductDetails.swift in Sources */ = {isa = PBXBuildFile; fileRef = 7EB486351EA4AAA300656270 /* ProductDetails.swift */; };
		7EB486381EA4AAD600656270 /* Product.swift in Sources */ = {isa = PBXBuildFile; fileRef = 7EB486371EA4AAD600656270 /* Product.swift */; };
		7EB4863A1EA4ABF300656270 /* UserProductInfo.swift in Sources */ = {isa = PBXBuildFile; fileRef = 7EB486391EA4ABF300656270 /* UserProductInfo.swift */; };
		7EB4863C1EA4AC4100656270 /* ProductInfo.swift in Sources */ = {isa = PBXBuildFile; fileRef = 7EB4863B1EA4AC4100656270 /* ProductInfo.swift */; };
		7EB4863E1EA4B3A400656270 /* UserInfo.swift in Sources */ = {isa = PBXBuildFile; fileRef = 7EB4863D1EA4B3A400656270 /* UserInfo.swift */; };
		7EB486401EA4B42300656270 /* UserAddresses.swift in Sources */ = {isa = PBXBuildFile; fileRef = 7EB4863F1EA4B42300656270 /* UserAddresses.swift */; };
		7EB486421EA4BE1C00656270 /* UserProdImages.swift in Sources */ = {isa = PBXBuildFile; fileRef = 7EB486411EA4BE1C00656270 /* UserProdImages.swift */; };
		7EB486451EA4DBEC00656270 /* ImageUtility.swift in Sources */ = {isa = PBXBuildFile; fileRef = 7EB486441EA4DBEC00656270 /* ImageUtility.swift */; };
		7EB486471EA5E79100656270 /* RecircleWebConstants.swift in Sources */ = {isa = PBXBuildFile; fileRef = 7EB486461EA5E79100656270 /* RecircleWebConstants.swift */; };
		7EB486491EA78A6300656270 /* ProdNames.swift in Sources */ = {isa = PBXBuildFile; fileRef = 7EB486481EA78A6300656270 /* ProdNames.swift */; };
		7EB4864B1EA78AD600656270 /* ProductsData.swift in Sources */ = {isa = PBXBuildFile; fileRef = 7EB4864A1EA78AD600656270 /* ProductsData.swift */; };
		7EB4864D1EA78B0000656270 /* Products.swift in Sources */ = {isa = PBXBuildFile; fileRef = 7EB4864C1EA78B0000656270 /* Products.swift */; };
		7EB4864F1EA78B4600656270 /* ProductDetail.swift in Sources */ = {isa = PBXBuildFile; fileRef = 7EB4864E1EA78B4600656270 /* ProductDetail.swift */; };
		7EB7613E1EC1CEEE00684BD5 /* ProdImageViewController.swift in Sources */ = {isa = PBXBuildFile; fileRef = 7EB7613D1EC1CEEE00684BD5 /* ProdImageViewController.swift */; };
		7EBD78B41EA8DAE300B80E20 /* SearchResultViewController.swift in Sources */ = {isa = PBXBuildFile; fileRef = 7EBD78B31EA8DAE300B80E20 /* SearchResultViewController.swift */; };
		7EBD78B61EAE259A00B80E20 /* ColorUtils.swift in Sources */ = {isa = PBXBuildFile; fileRef = 7EBD78B51EAE259A00B80E20 /* ColorUtils.swift */; };
		7EBD78B81EAF20DC00B80E20 /* SearchResultProducts.swift in Sources */ = {isa = PBXBuildFile; fileRef = 7EBD78B71EAF20DC00B80E20 /* SearchResultProducts.swift */; };
		7EBD78BA1EAF2F3800B80E20 /* ProductCellView.xib in Resources */ = {isa = PBXBuildFile; fileRef = 7EBD78B91EAF2F3800B80E20 /* ProductCellView.xib */; };
		7ED4F3E01E97C33300E75C53 /* AlamofireAPICall.swift in Sources */ = {isa = PBXBuildFile; fileRef = 7ED4F3DF1E97C33300E75C53 /* AlamofireAPICall.swift */; };
		7ED4F3E21E9B7E0F00E75C53 /* HeaderView.xib in Resources */ = {isa = PBXBuildFile; fileRef = 7ED4F3E11E9B7E0F00E75C53 /* HeaderView.xib */; };
		7ED4F3E41E9B7E9700E75C53 /* HeaderView.swift in Sources */ = {isa = PBXBuildFile; fileRef = 7ED4F3E31E9B7E9700E75C53 /* HeaderView.swift */; };
		7EDDDEA11EB9FDB500C9DA67 /* ProductDetailViewController.swift in Sources */ = {isa = PBXBuildFile; fileRef = 7EDDDEA01EB9FDB500C9DA67 /* ProductDetailViewController.swift */; };
		7EDDDEA71EBB06D700C9DA67 /* MBProgressHUD.m in Sources */ = {isa = PBXBuildFile; fileRef = 7EDDDEA61EBB06D700C9DA67 /* MBProgressHUD.m */; };
		7EDDDEA91EBC4FA100C9DA67 /* AllReviewsTableViewController.swift in Sources */ = {isa = PBXBuildFile; fileRef = 7EDDDEA81EBC4FA100C9DA67 /* AllReviewsTableViewController.swift */; };
		7EDDDEAB1EBC500800C9DA67 /* RenterReviewView.xib in Resources */ = {isa = PBXBuildFile; fileRef = 7EDDDEAA1EBC500800C9DA67 /* RenterReviewView.xib */; };
		7EF7A0271EC463B4001BFEAA /* ProdAddressTableViewCell.swift in Sources */ = {isa = PBXBuildFile; fileRef = 7EF7A0261EC463B4001BFEAA /* ProdAddressTableViewCell.swift */; };
		7EF7A0291EC46467001BFEAA /* ProdDescTableViewCell.swift in Sources */ = {isa = PBXBuildFile; fileRef = 7EF7A0281EC46467001BFEAA /* ProdDescTableViewCell.swift */; };
		7EF7A02B1EC47AE8001BFEAA /* ProdImagesTableViewCell.swift in Sources */ = {isa = PBXBuildFile; fileRef = 7EF7A02A1EC47AE8001BFEAA /* ProdImagesTableViewCell.swift */; };
		7EFCD8971EAF536D00E5D8C4 /* SearchView.xib in Resources */ = {isa = PBXBuildFile; fileRef = 7EFCD8961EAF536D00E5D8C4 /* SearchView.xib */; };
/* End PBXBuildFile section */

/* Begin PBXFileReference section */
		5CA2B2E31ECDC8A4F6F0561C /* Pods_Recircle.framework */ = {isa = PBXFileReference; explicitFileType = wrapper.framework; includeInIndex = 0; path = Pods_Recircle.framework; sourceTree = BUILT_PRODUCTS_DIR; };
		7E1B0EDC1EC1C08B00A882E8 /* ProductImageCell.xib */ = {isa = PBXFileReference; fileEncoding = 4; lastKnownFileType = file.xib; path = ProductImageCell.xib; sourceTree = "<group>"; };
		7E1B0EDE1EC1C16400A882E8 /* ProdImageCellView.swift */ = {isa = PBXFileReference; fileEncoding = 4; lastKnownFileType = sourcecode.swift; path = ProdImageCellView.swift; sourceTree = "<group>"; };
		7E21F31B1ECAD73400F078C2 /* ListItemPriceViewController.swift */ = {isa = PBXFileReference; fileEncoding = 4; lastKnownFileType = sourcecode.swift; path = ListItemPriceViewController.swift; sourceTree = "<group>"; };
		7E21F31D1ECADBC600F078C2 /* ListItemPhotosViewController.swift */ = {isa = PBXFileReference; fileEncoding = 4; lastKnownFileType = sourcecode.swift; path = ListItemPhotosViewController.swift; sourceTree = "<group>"; };
		7E21F31F1ECAE8F300F078C2 /* ListItemDescViewController.swift */ = {isa = PBXFileReference; fileEncoding = 4; lastKnownFileType = sourcecode.swift; path = ListItemDescViewController.swift; sourceTree = "<group>"; };
		7E21F3411ECB29EB00F078C2 /* RentItem.swift */ = {isa = PBXFileReference; fileEncoding = 4; lastKnownFileType = sourcecode.swift; path = RentItem.swift; sourceTree = "<group>"; };
		7E21F3451ECEDE3600F078C2 /* MapViewController.swift */ = {isa = PBXFileReference; fileEncoding = 4; lastKnownFileType = sourcecode.swift; path = MapViewController.swift; sourceTree = "<group>"; };
		7E21F3471ED2E4B800F078C2 /* ListItemImageCell.xib */ = {isa = PBXFileReference; fileEncoding = 4; lastKnownFileType = file.xib; path = ListItemImageCell.xib; sourceTree = "<group>"; };
		7E21F3491ED2E52000F078C2 /* ListItemPhotoCell.swift */ = {isa = PBXFileReference; fileEncoding = 4; lastKnownFileType = sourcecode.swift; path = ListItemPhotoCell.swift; sourceTree = "<group>"; };
		7E21F34B1ED2F33400F078C2 /* UserProdDiscounts.swift */ = {isa = PBXFileReference; fileEncoding = 4; lastKnownFileType = sourcecode.swift; path = UserProdDiscounts.swift; sourceTree = "<group>"; };
		7E21F34D1ED2F37D00F078C2 /* ListItem.swift */ = {isa = PBXFileReference; fileEncoding = 4; lastKnownFileType = sourcecode.swift; path = ListItem.swift; sourceTree = "<group>"; };
		7E21F34F1ED2F4C600F078C2 /* ListItemSummaryViewController.swift */ = {isa = PBXFileReference; fileEncoding = 4; lastKnownFileType = sourcecode.swift; path = ListItemSummaryViewController.swift; sourceTree = "<group>"; };
		7E564E531EC9B40B000684C1 /* RentSummaryViewController.swift */ = {isa = PBXFileReference; fileEncoding = 4; lastKnownFileType = sourcecode.swift; path = RentSummaryViewController.swift; sourceTree = "<group>"; };
		7E8B35841E924F45000B5FF0 /* Recircle.app */ = {isa = PBXFileReference; explicitFileType = wrapper.application; includeInIndex = 0; path = Recircle.app; sourceTree = BUILT_PRODUCTS_DIR; };
		7E8B35871E924F45000B5FF0 /* AppDelegate.swift */ = {isa = PBXFileReference; lastKnownFileType = sourcecode.swift; path = AppDelegate.swift; sourceTree = "<group>"; };
		7E8B35891E924F45000B5FF0 /* ViewController.swift */ = {isa = PBXFileReference; lastKnownFileType = sourcecode.swift; path = ViewController.swift; sourceTree = "<group>"; };
		7E8B358C1E924F45000B5FF0 /* Base */ = {isa = PBXFileReference; lastKnownFileType = file.storyboard; name = Base; path = Base.lproj/Main.storyboard; sourceTree = "<group>"; };
		7E8B358F1E924F45000B5FF0 /* Recircle.xcdatamodel */ = {isa = PBXFileReference; lastKnownFileType = wrapper.xcdatamodel; path = Recircle.xcdatamodel; sourceTree = "<group>"; };
		7E8B35911E924F46000B5FF0 /* Assets.xcassets */ = {isa = PBXFileReference; lastKnownFileType = folder.assetcatalog; path = Assets.xcassets; sourceTree = "<group>"; };
		7E8B35941E924F46000B5FF0 /* Base */ = {isa = PBXFileReference; lastKnownFileType = file.storyboard; name = Base; path = Base.lproj/LaunchScreen.storyboard; sourceTree = "<group>"; };
		7E8B35961E924F46000B5FF0 /* Info.plist */ = {isa = PBXFileReference; lastKnownFileType = text.plist.xml; path = Info.plist; sourceTree = "<group>"; };
		7E8B359D1E926590000B5FF0 /* SearchViewController.swift */ = {isa = PBXFileReference; fileEncoding = 4; lastKnownFileType = sourcecode.swift; path = SearchViewController.swift; sourceTree = "<group>"; };
		7E95D99E1EC3243F006170A7 /* TestViewController.swift */ = {isa = PBXFileReference; fileEncoding = 4; lastKnownFileType = sourcecode.swift; path = TestViewController.swift; sourceTree = "<group>"; };
		7E95D9A01EC329CE006170A7 /* TestCellView.swift */ = {isa = PBXFileReference; fileEncoding = 4; lastKnownFileType = sourcecode.swift; path = TestCellView.swift; sourceTree = "<group>"; };
		7E95D9A21EC32D76006170A7 /* TestCollectionViewCell.swift */ = {isa = PBXFileReference; fileEncoding = 4; lastKnownFileType = sourcecode.swift; path = TestCollectionViewCell.swift; sourceTree = "<group>"; };
		7EA077131E964FD8001024FF /* DatePickerViewController.swift */ = {isa = PBXFileReference; fileEncoding = 4; lastKnownFileType = sourcecode.swift; path = DatePickerViewController.swift; sourceTree = "<group>"; };
		7EA077151E966A69001024FF /* DateCellView.xib */ = {isa = PBXFileReference; fileEncoding = 4; lastKnownFileType = file.xib; path = DateCellView.xib; sourceTree = "<group>"; };
		7EA077171E966AF4001024FF /* DayCellView.swift */ = {isa = PBXFileReference; fileEncoding = 4; lastKnownFileType = sourcecode.swift; path = DayCellView.swift; sourceTree = "<group>"; };
		7EA9ACB31EBC697000623505 /* UserProdReviews.swift */ = {isa = PBXFileReference; fileEncoding = 4; lastKnownFileType = sourcecode.swift; path = UserProdReviews.swift; sourceTree = "<group>"; };
		7EA9ACB51EBC6A3B00623505 /* UserProdUnavailability.swift */ = {isa = PBXFileReference; fileEncoding = 4; lastKnownFileType = sourcecode.swift; path = UserProdUnavailability.swift; sourceTree = "<group>"; };
		7EA9ACB71EBC806400623505 /* ReviewTableViewCell.swift */ = {isa = PBXFileReference; fileEncoding = 4; lastKnownFileType = sourcecode.swift; path = ReviewTableViewCell.swift; sourceTree = "<group>"; };
		7EB486321E9F905900656270 /* ProductCell.swift */ = {isa = PBXFileReference; fileEncoding = 4; lastKnownFileType = sourcecode.swift; path = ProductCell.swift; sourceTree = "<group>"; };
		7EB486351EA4AAA300656270 /* ProductDetails.swift */ = {isa = PBXFileReference; fileEncoding = 4; lastKnownFileType = sourcecode.swift; path = ProductDetails.swift; sourceTree = "<group>"; };
		7EB486371EA4AAD600656270 /* Product.swift */ = {isa = PBXFileReference; fileEncoding = 4; lastKnownFileType = sourcecode.swift; path = Product.swift; sourceTree = "<group>"; };
		7EB486391EA4ABF300656270 /* UserProductInfo.swift */ = {isa = PBXFileReference; fileEncoding = 4; lastKnownFileType = sourcecode.swift; path = UserProductInfo.swift; sourceTree = "<group>"; };
		7EB4863B1EA4AC4100656270 /* ProductInfo.swift */ = {isa = PBXFileReference; fileEncoding = 4; lastKnownFileType = sourcecode.swift; path = ProductInfo.swift; sourceTree = "<group>"; };
		7EB4863D1EA4B3A400656270 /* UserInfo.swift */ = {isa = PBXFileReference; fileEncoding = 4; lastKnownFileType = sourcecode.swift; path = UserInfo.swift; sourceTree = "<group>"; };
		7EB4863F1EA4B42300656270 /* UserAddresses.swift */ = {isa = PBXFileReference; fileEncoding = 4; lastKnownFileType = sourcecode.swift; path = UserAddresses.swift; sourceTree = "<group>"; };
		7EB486411EA4BE1C00656270 /* UserProdImages.swift */ = {isa = PBXFileReference; fileEncoding = 4; lastKnownFileType = sourcecode.swift; path = UserProdImages.swift; sourceTree = "<group>"; };
		7EB486441EA4DBEC00656270 /* ImageUtility.swift */ = {isa = PBXFileReference; fileEncoding = 4; lastKnownFileType = sourcecode.swift; path = ImageUtility.swift; sourceTree = "<group>"; };
		7EB486461EA5E79100656270 /* RecircleWebConstants.swift */ = {isa = PBXFileReference; fileEncoding = 4; lastKnownFileType = sourcecode.swift; path = RecircleWebConstants.swift; sourceTree = "<group>"; };
		7EB486481EA78A6300656270 /* ProdNames.swift */ = {isa = PBXFileReference; fileEncoding = 4; lastKnownFileType = sourcecode.swift; path = ProdNames.swift; sourceTree = "<group>"; };
		7EB4864A1EA78AD600656270 /* ProductsData.swift */ = {isa = PBXFileReference; fileEncoding = 4; lastKnownFileType = sourcecode.swift; path = ProductsData.swift; sourceTree = "<group>"; };
		7EB4864C1EA78B0000656270 /* Products.swift */ = {isa = PBXFileReference; fileEncoding = 4; lastKnownFileType = sourcecode.swift; path = Products.swift; sourceTree = "<group>"; };
		7EB4864E1EA78B4600656270 /* ProductDetail.swift */ = {isa = PBXFileReference; fileEncoding = 4; lastKnownFileType = sourcecode.swift; path = ProductDetail.swift; sourceTree = "<group>"; };
		7EB7613D1EC1CEEE00684BD5 /* ProdImageViewController.swift */ = {isa = PBXFileReference; fileEncoding = 4; lastKnownFileType = sourcecode.swift; path = ProdImageViewController.swift; sourceTree = "<group>"; };
		7EBD78B31EA8DAE300B80E20 /* SearchResultViewController.swift */ = {isa = PBXFileReference; fileEncoding = 4; lastKnownFileType = sourcecode.swift; path = SearchResultViewController.swift; sourceTree = "<group>"; };
		7EBD78B51EAE259A00B80E20 /* ColorUtils.swift */ = {isa = PBXFileReference; fileEncoding = 4; lastKnownFileType = sourcecode.swift; path = ColorUtils.swift; sourceTree = "<group>"; };
		7EBD78B71EAF20DC00B80E20 /* SearchResultProducts.swift */ = {isa = PBXFileReference; fileEncoding = 4; lastKnownFileType = sourcecode.swift; path = SearchResultProducts.swift; sourceTree = "<group>"; };
		7EBD78B91EAF2F3800B80E20 /* ProductCellView.xib */ = {isa = PBXFileReference; fileEncoding = 4; lastKnownFileType = file.xib; path = ProductCellView.xib; sourceTree = "<group>"; };
		7ED4F3DF1E97C33300E75C53 /* AlamofireAPICall.swift */ = {isa = PBXFileReference; fileEncoding = 4; lastKnownFileType = sourcecode.swift; path = AlamofireAPICall.swift; sourceTree = "<group>"; };
		7ED4F3E11E9B7E0F00E75C53 /* HeaderView.xib */ = {isa = PBXFileReference; fileEncoding = 4; lastKnownFileType = file.xib; path = HeaderView.xib; sourceTree = "<group>"; };
		7ED4F3E31E9B7E9700E75C53 /* HeaderView.swift */ = {isa = PBXFileReference; fileEncoding = 4; lastKnownFileType = sourcecode.swift; path = HeaderView.swift; sourceTree = "<group>"; };
		7EDDDEA01EB9FDB500C9DA67 /* ProductDetailViewController.swift */ = {isa = PBXFileReference; fileEncoding = 4; lastKnownFileType = sourcecode.swift; path = ProductDetailViewController.swift; sourceTree = "<group>"; };
		7EDDDEA41EBB06D700C9DA67 /* Recircle-Bridging-Header.h */ = {isa = PBXFileReference; lastKnownFileType = sourcecode.c.h; path = "Recircle-Bridging-Header.h"; sourceTree = "<group>"; };
		7EDDDEA51EBB06D700C9DA67 /* MBProgressHUD.h */ = {isa = PBXFileReference; fileEncoding = 4; lastKnownFileType = sourcecode.c.h; name = MBProgressHUD.h; path = "../../../Downloads/MBProgressHUD-master/MBProgressHUD.h"; sourceTree = "<group>"; };
		7EDDDEA61EBB06D700C9DA67 /* MBProgressHUD.m */ = {isa = PBXFileReference; fileEncoding = 4; lastKnownFileType = sourcecode.c.objc; name = MBProgressHUD.m; path = "../../../Downloads/MBProgressHUD-master/MBProgressHUD.m"; sourceTree = "<group>"; };
		7EDDDEA81EBC4FA100C9DA67 /* AllReviewsTableViewController.swift */ = {isa = PBXFileReference; fileEncoding = 4; lastKnownFileType = sourcecode.swift; path = AllReviewsTableViewController.swift; sourceTree = "<group>"; };
		7EDDDEAA1EBC500800C9DA67 /* RenterReviewView.xib */ = {isa = PBXFileReference; fileEncoding = 4; lastKnownFileType = file.xib; path = RenterReviewView.xib; sourceTree = "<group>"; };
		7EF7A0261EC463B4001BFEAA /* ProdAddressTableViewCell.swift */ = {isa = PBXFileReference; fileEncoding = 4; lastKnownFileType = sourcecode.swift; path = ProdAddressTableViewCell.swift; sourceTree = "<group>"; };
		7EF7A0281EC46467001BFEAA /* ProdDescTableViewCell.swift */ = {isa = PBXFileReference; fileEncoding = 4; lastKnownFileType = sourcecode.swift; path = ProdDescTableViewCell.swift; sourceTree = "<group>"; };
		7EF7A02A1EC47AE8001BFEAA /* ProdImagesTableViewCell.swift */ = {isa = PBXFileReference; fileEncoding = 4; lastKnownFileType = sourcecode.swift; path = ProdImagesTableViewCell.swift; sourceTree = "<group>"; };
		7EFCD8961EAF536D00E5D8C4 /* SearchView.xib */ = {isa = PBXFileReference; fileEncoding = 4; lastKnownFileType = file.xib; path = SearchView.xib; sourceTree = "<group>"; };
		E509DA2ADEF65B45592104AC /* Pods-Recircle.debug.xcconfig */ = {isa = PBXFileReference; includeInIndex = 1; lastKnownFileType = text.xcconfig; name = "Pods-Recircle.debug.xcconfig"; path = "Pods/Target Support Files/Pods-Recircle/Pods-Recircle.debug.xcconfig"; sourceTree = "<group>"; };
		FE736CD91884B649680498E5 /* Pods-Recircle.release.xcconfig */ = {isa = PBXFileReference; includeInIndex = 1; lastKnownFileType = text.xcconfig; name = "Pods-Recircle.release.xcconfig"; path = "Pods/Target Support Files/Pods-Recircle/Pods-Recircle.release.xcconfig"; sourceTree = "<group>"; };
/* End PBXFileReference section */

/* Begin PBXFrameworksBuildPhase section */
		7E8B35811E924F45000B5FF0 /* Frameworks */ = {
			isa = PBXFrameworksBuildPhase;
			buildActionMask = 2147483647;
			files = (
				274D4ED5E4C4FB1B8F5407D0 /* Pods_Recircle.framework in Frameworks */,
			);
			runOnlyForDeploymentPostprocessing = 0;
		};
/* End PBXFrameworksBuildPhase section */

/* Begin PBXGroup section */
		48440D8560644BA6C342A1AD /* Pods */ = {
			isa = PBXGroup;
			children = (
				E509DA2ADEF65B45592104AC /* Pods-Recircle.debug.xcconfig */,
				FE736CD91884B649680498E5 /* Pods-Recircle.release.xcconfig */,
			);
			name = Pods;
			sourceTree = "<group>";
		};
		683E4AC6078D3B8F338F54ED /* Frameworks */ = {
			isa = PBXGroup;
			children = (
				7EDDDEA51EBB06D700C9DA67 /* MBProgressHUD.h */,
				7EDDDEA61EBB06D700C9DA67 /* MBProgressHUD.m */,
				5CA2B2E31ECDC8A4F6F0561C /* Pods_Recircle.framework */,
				7EDDDEA41EBB06D700C9DA67 /* Recircle-Bridging-Header.h */,
			);
			name = Frameworks;
			sourceTree = "<group>";
		};
		7E21F3431ECB2A6300F078C2 /* RentItem */ = {
			isa = PBXGroup;
			children = (
				7EDDDEA01EB9FDB500C9DA67 /* ProductDetailViewController.swift */,
				7E95D99E1EC3243F006170A7 /* TestViewController.swift */,
				7EDDDEA81EBC4FA100C9DA67 /* AllReviewsTableViewController.swift */,
				7E564E531EC9B40B000684C1 /* RentSummaryViewController.swift */,
				7E21F3451ECEDE3600F078C2 /* MapViewController.swift */,
			);
			name = RentItem;
			sourceTree = "<group>";
		};
		7E21F3441ECB2A7E00F078C2 /* ListItem */ = {
			isa = PBXGroup;
			children = (
				7E21F31B1ECAD73400F078C2 /* ListItemPriceViewController.swift */,
				7E21F31D1ECADBC600F078C2 /* ListItemPhotosViewController.swift */,
				7E21F31F1ECAE8F300F078C2 /* ListItemDescViewController.swift */,
				7E21F3491ED2E52000F078C2 /* ListItemPhotoCell.swift */,
				7E21F34F1ED2F4C600F078C2 /* ListItemSummaryViewController.swift */,
			);
			name = ListItem;
			sourceTree = "<group>";
		};
		7E8B357B1E924F44000B5FF0 = {
			isa = PBXGroup;
			children = (
				7E8B35861E924F45000B5FF0 /* Recircle */,
				7E8B35851E924F45000B5FF0 /* Products */,
				48440D8560644BA6C342A1AD /* Pods */,
				683E4AC6078D3B8F338F54ED /* Frameworks */,
			);
			sourceTree = "<group>";
		};
		7E8B35851E924F45000B5FF0 /* Products */ = {
			isa = PBXGroup;
			children = (
				7E8B35841E924F45000B5FF0 /* Recircle.app */,
			);
			name = Products;
			sourceTree = "<group>";
		};
		7E8B35861E924F45000B5FF0 /* Recircle */ = {
			isa = PBXGroup;
			children = (
				7EDDDEAC1EBC552100C9DA67 /* Views */,
				7EB486431EA4DBD200656270 /* Utilities */,
				7EB486341EA4AA6000656270 /* Models */,
				7ED4F3DE1E97C25D00E75C53 /* API */,
				7E8B359C1E926556000B5FF0 /* ViewControllers */,
				7E8B35871E924F45000B5FF0 /* AppDelegate.swift */,
				7E8B35891E924F45000B5FF0 /* ViewController.swift */,
				7E8B358B1E924F45000B5FF0 /* Main.storyboard */,
				7E8B35911E924F46000B5FF0 /* Assets.xcassets */,
				7E8B35931E924F46000B5FF0 /* LaunchScreen.storyboard */,
				7E8B35961E924F46000B5FF0 /* Info.plist */,
				7E8B358E1E924F45000B5FF0 /* Recircle.xcdatamodeld */,
			);
			path = Recircle;
			sourceTree = "<group>";
		};
		7E8B359C1E926556000B5FF0 /* ViewControllers */ = {
			isa = PBXGroup;
			children = (
				7E21F3441ECB2A7E00F078C2 /* ListItem */,
				7E21F3431ECB2A6300F078C2 /* RentItem */,
				7ED4F3E31E9B7E9700E75C53 /* HeaderView.swift */,
				7EA077171E966AF4001024FF /* DayCellView.swift */,
				7E8B359D1E926590000B5FF0 /* SearchViewController.swift */,
				7EA077131E964FD8001024FF /* DatePickerViewController.swift */,
				7EB486321E9F905900656270 /* ProductCell.swift */,
				7EBD78B31EA8DAE300B80E20 /* SearchResultViewController.swift */,
				7EA9ACB71EBC806400623505 /* ReviewTableViewCell.swift */,
				7E1B0EDE1EC1C16400A882E8 /* ProdImageCellView.swift */,
				7EB7613D1EC1CEEE00684BD5 /* ProdImageViewController.swift */,
				7EF7A0261EC463B4001BFEAA /* ProdAddressTableViewCell.swift */,
				7EF7A0281EC46467001BFEAA /* ProdDescTableViewCell.swift */,
				7EF7A02A1EC47AE8001BFEAA /* ProdImagesTableViewCell.swift */,
			);
			name = ViewControllers;
			sourceTree = "<group>";
		};
		7EB486341EA4AA6000656270 /* Models */ = {
			isa = PBXGroup;
			children = (
				7EB486351EA4AAA300656270 /* ProductDetails.swift */,
				7EB486371EA4AAD600656270 /* Product.swift */,
				7EB486391EA4ABF300656270 /* UserProductInfo.swift */,
				7EB4863B1EA4AC4100656270 /* ProductInfo.swift */,
				7EB4863D1EA4B3A400656270 /* UserInfo.swift */,
				7EB4863F1EA4B42300656270 /* UserAddresses.swift */,
				7EB486411EA4BE1C00656270 /* UserProdImages.swift */,
				7EB486481EA78A6300656270 /* ProdNames.swift */,
				7EB4864A1EA78AD600656270 /* ProductsData.swift */,
				7EB4864C1EA78B0000656270 /* Products.swift */,
				7EB4864E1EA78B4600656270 /* ProductDetail.swift */,
				7EBD78B71EAF20DC00B80E20 /* SearchResultProducts.swift */,
				7EA9ACB31EBC697000623505 /* UserProdReviews.swift */,
				7EA9ACB51EBC6A3B00623505 /* UserProdUnavailability.swift */,
				7E21F3411ECB29EB00F078C2 /* RentItem.swift */,
				7E21F34B1ED2F33400F078C2 /* UserProdDiscounts.swift */,
				7E21F34D1ED2F37D00F078C2 /* ListItem.swift */,
			);
			name = Models;
			sourceTree = "<group>";
		};
		7EB486431EA4DBD200656270 /* Utilities */ = {
			isa = PBXGroup;
			children = (
				7EB486441EA4DBEC00656270 /* ImageUtility.swift */,
				7EB486461EA5E79100656270 /* RecircleWebConstants.swift */,
				7EBD78B51EAE259A00B80E20 /* ColorUtils.swift */,
			);
			name = Utilities;
			sourceTree = "<group>";
		};
		7ED4F3DE1E97C25D00E75C53 /* API */ = {
			isa = PBXGroup;
			children = (
				7ED4F3DF1E97C33300E75C53 /* AlamofireAPICall.swift */,
			);
			name = API;
			sourceTree = "<group>";
		};
		7EDDDEAC1EBC552100C9DA67 /* Views */ = {
			isa = PBXGroup;
			children = (
				7EA077151E966A69001024FF /* DateCellView.xib */,
				7EBD78B91EAF2F3800B80E20 /* ProductCellView.xib */,
				7ED4F3E11E9B7E0F00E75C53 /* HeaderView.xib */,
				7EDDDEAA1EBC500800C9DA67 /* RenterReviewView.xib */,
				7EFCD8961EAF536D00E5D8C4 /* SearchView.xib */,
				7E1B0EDC1EC1C08B00A882E8 /* ProductImageCell.xib */,
				7E95D9A01EC329CE006170A7 /* TestCellView.swift */,
				7E95D9A21EC32D76006170A7 /* TestCollectionViewCell.swift */,
				7E21F3471ED2E4B800F078C2 /* ListItemImageCell.xib */,
			);
			name = Views;
			sourceTree = "<group>";
		};
/* End PBXGroup section */

/* Begin PBXNativeTarget section */
		7E8B35831E924F45000B5FF0 /* Recircle */ = {
			isa = PBXNativeTarget;
			buildConfigurationList = 7E8B35991E924F46000B5FF0 /* Build configuration list for PBXNativeTarget "Recircle" */;
			buildPhases = (
				A3BB9D2F5F549538CFCB2C71 /* [CP] Check Pods Manifest.lock */,
				7E8B35801E924F45000B5FF0 /* Sources */,
				7E8B35811E924F45000B5FF0 /* Frameworks */,
				7E8B35821E924F45000B5FF0 /* Resources */,
				588A891CC6D32B991BAE3CBC /* [CP] Embed Pods Frameworks */,
				DE12C27881F93542CC26259D /* [CP] Copy Pods Resources */,
			);
			buildRules = (
			);
			dependencies = (
			);
			name = Recircle;
			productName = Recircle;
			productReference = 7E8B35841E924F45000B5FF0 /* Recircle.app */;
			productType = "com.apple.product-type.application";
		};
/* End PBXNativeTarget section */

/* Begin PBXProject section */
		7E8B357C1E924F45000B5FF0 /* Project object */ = {
			isa = PBXProject;
			attributes = {
				LastSwiftUpdateCheck = 0800;
				LastUpgradeCheck = 0800;
				ORGANIZATIONNAME = synerzip;
				TargetAttributes = {
					7E8B35831E924F45000B5FF0 = {
						CreatedOnToolsVersion = 8.0;
						DevelopmentTeam = 67822934AQ;
						LastSwiftMigration = 0800;
						ProvisioningStyle = Manual;
					};
				};
			};
			buildConfigurationList = 7E8B357F1E924F45000B5FF0 /* Build configuration list for PBXProject "Recircle" */;
			compatibilityVersion = "Xcode 3.2";
			developmentRegion = English;
			hasScannedForEncodings = 0;
			knownRegions = (
				en,
				Base,
			);
			mainGroup = 7E8B357B1E924F44000B5FF0;
			productRefGroup = 7E8B35851E924F45000B5FF0 /* Products */;
			projectDirPath = "";
			projectRoot = "";
			targets = (
				7E8B35831E924F45000B5FF0 /* Recircle */,
			);
		};
/* End PBXProject section */

/* Begin PBXResourcesBuildPhase section */
		7E8B35821E924F45000B5FF0 /* Resources */ = {
			isa = PBXResourcesBuildPhase;
			buildActionMask = 2147483647;
			files = (
				7E21F3481ED2E4B800F078C2 /* ListItemImageCell.xib in Resources */,
				7E8B35951E924F46000B5FF0 /* LaunchScreen.storyboard in Resources */,
				7EFCD8971EAF536D00E5D8C4 /* SearchView.xib in Resources */,
				7EDDDEAB1EBC500800C9DA67 /* RenterReviewView.xib in Resources */,
				7ED4F3E21E9B7E0F00E75C53 /* HeaderView.xib in Resources */,
				7E8B35921E924F46000B5FF0 /* Assets.xcassets in Resources */,
				7EBD78BA1EAF2F3800B80E20 /* ProductCellView.xib in Resources */,
				7EA077161E966A69001024FF /* DateCellView.xib in Resources */,
				7E8B358D1E924F45000B5FF0 /* Main.storyboard in Resources */,
				7E1B0EDD1EC1C08B00A882E8 /* ProductImageCell.xib in Resources */,
			);
			runOnlyForDeploymentPostprocessing = 0;
		};
/* End PBXResourcesBuildPhase section */

/* Begin PBXShellScriptBuildPhase section */
		588A891CC6D32B991BAE3CBC /* [CP] Embed Pods Frameworks */ = {
			isa = PBXShellScriptBuildPhase;
			buildActionMask = 2147483647;
			files = (
			);
			inputPaths = (
			);
			name = "[CP] Embed Pods Frameworks";
			outputPaths = (
			);
			runOnlyForDeploymentPostprocessing = 0;
			shellPath = /bin/sh;
			shellScript = "\"${SRCROOT}/Pods/Target Support Files/Pods-Recircle/Pods-Recircle-frameworks.sh\"\n";
			showEnvVarsInLog = 0;
		};
		A3BB9D2F5F549538CFCB2C71 /* [CP] Check Pods Manifest.lock */ = {
			isa = PBXShellScriptBuildPhase;
			buildActionMask = 2147483647;
			files = (
			);
			inputPaths = (
			);
			name = "[CP] Check Pods Manifest.lock";
			outputPaths = (
			);
			runOnlyForDeploymentPostprocessing = 0;
			shellPath = /bin/sh;
			shellScript = "diff \"${PODS_ROOT}/../Podfile.lock\" \"${PODS_ROOT}/Manifest.lock\" > /dev/null\nif [ $? != 0 ] ; then\n    # print error to STDERR\n    echo \"error: The sandbox is not in sync with the Podfile.lock. Run 'pod install' or update your CocoaPods installation.\" >&2\n    exit 1\nfi\n";
			showEnvVarsInLog = 0;
		};
		DE12C27881F93542CC26259D /* [CP] Copy Pods Resources */ = {
			isa = PBXShellScriptBuildPhase;
			buildActionMask = 2147483647;
			files = (
			);
			inputPaths = (
			);
			name = "[CP] Copy Pods Resources";
			outputPaths = (
			);
			runOnlyForDeploymentPostprocessing = 0;
			shellPath = /bin/sh;
			shellScript = "\"${SRCROOT}/Pods/Target Support Files/Pods-Recircle/Pods-Recircle-resources.sh\"\n";
			showEnvVarsInLog = 0;
		};
/* End PBXShellScriptBuildPhase section */

/* Begin PBXSourcesBuildPhase section */
		7E8B35801E924F45000B5FF0 /* Sources */ = {
			isa = PBXSourcesBuildPhase;
			buildActionMask = 2147483647;
			files = (
				7EB486381EA4AAD600656270 /* Product.swift in Sources */,
				7EBD78B41EA8DAE300B80E20 /* SearchResultViewController.swift in Sources */,
				7E95D9A11EC329CE006170A7 /* TestCellView.swift in Sources */,
				7E21F3501ED2F4C600F078C2 /* ListItemSummaryViewController.swift in Sources */,
				7EF7A02B1EC47AE8001BFEAA /* ProdImagesTableViewCell.swift in Sources */,
				7E95D99F1EC3243F006170A7 /* TestViewController.swift in Sources */,
				7EB486471EA5E79100656270 /* RecircleWebConstants.swift in Sources */,
				7EBD78B61EAE259A00B80E20 /* ColorUtils.swift in Sources */,
				7E8B358A1E924F45000B5FF0 /* ViewController.swift in Sources */,
				7E1B0EDF1EC1C16400A882E8 /* ProdImageCellView.swift in Sources */,
				7EB4864D1EA78B0000656270 /* Products.swift in Sources */,
				7ED4F3E01E97C33300E75C53 /* AlamofireAPICall.swift in Sources */,
				7EB486361EA4AAA300656270 /* ProductDetails.swift in Sources */,
				7EB4863A1EA4ABF300656270 /* UserProductInfo.swift in Sources */,
				7E21F3461ECEDE3600F078C2 /* MapViewController.swift in Sources */,
				7EB486451EA4DBEC00656270 /* ImageUtility.swift in Sources */,
				7EA077141E964FD8001024FF /* DatePickerViewController.swift in Sources */,
				7EA9ACB61EBC6A3B00623505 /* UserProdUnavailability.swift in Sources */,
				7E21F34C1ED2F33400F078C2 /* UserProdDiscounts.swift in Sources */,
				7E564E541EC9B40B000684C1 /* RentSummaryViewController.swift in Sources */,
				7EF7A0291EC46467001BFEAA /* ProdDescTableViewCell.swift in Sources */,
				7ED4F3E41E9B7E9700E75C53 /* HeaderView.swift in Sources */,
				7E8B35901E924F46000B5FF0 /* Recircle.xcdatamodeld in Sources */,
				7EB4863C1EA4AC4100656270 /* ProductInfo.swift in Sources */,
				7E21F3201ECAE8F300F078C2 /* ListItemDescViewController.swift in Sources */,
				7EB4864B1EA78AD600656270 /* ProductsData.swift in Sources */,
				7E21F31C1ECAD73400F078C2 /* ListItemPriceViewController.swift in Sources */,
				7EBD78B81EAF20DC00B80E20 /* SearchResultProducts.swift in Sources */,
				7E21F3421ECB29EB00F078C2 /* RentItem.swift in Sources */,
				7EF7A0271EC463B4001BFEAA /* ProdAddressTableViewCell.swift in Sources */,
				7EB486421EA4BE1C00656270 /* UserProdImages.swift in Sources */,
				7EDDDEA11EB9FDB500C9DA67 /* ProductDetailViewController.swift in Sources */,
				7E8B359E1E926590000B5FF0 /* SearchViewController.swift in Sources */,
				7E21F34A1ED2E52000F078C2 /* ListItemPhotoCell.swift in Sources */,
				7EB486331E9F905900656270 /* ProductCell.swift in Sources */,
				7E8B35881E924F45000B5FF0 /* AppDelegate.swift in Sources */,
				7EB4863E1EA4B3A400656270 /* UserInfo.swift in Sources */,
				7E21F34E1ED2F37D00F078C2 /* ListItem.swift in Sources */,
				7EB486401EA4B42300656270 /* UserAddresses.swift in Sources */,
				7E21F31E1ECADBC600F078C2 /* ListItemPhotosViewController.swift in Sources */,
				7EDDDEA91EBC4FA100C9DA67 /* AllReviewsTableViewController.swift in Sources */,
				7EA077181E966AF4001024FF /* DayCellView.swift in Sources */,
				7EB4864F1EA78B4600656270 /* ProductDetail.swift in Sources */,
				7E95D9A31EC32D76006170A7 /* TestCollectionViewCell.swift in Sources */,
				7EA9ACB81EBC806400623505 /* ReviewTableViewCell.swift in Sources */,
				7EA9ACB41EBC697000623505 /* UserProdReviews.swift in Sources */,
				7EB7613E1EC1CEEE00684BD5 /* ProdImageViewController.swift in Sources */,
				7EB486491EA78A6300656270 /* ProdNames.swift in Sources */,
				7EDDDEA71EBB06D700C9DA67 /* MBProgressHUD.m in Sources */,
			);
			runOnlyForDeploymentPostprocessing = 0;
		};
/* End PBXSourcesBuildPhase section */

/* Begin PBXVariantGroup section */
		7E8B358B1E924F45000B5FF0 /* Main.storyboard */ = {
			isa = PBXVariantGroup;
			children = (
				7E8B358C1E924F45000B5FF0 /* Base */,
			);
			name = Main.storyboard;
			sourceTree = "<group>";
		};
		7E8B35931E924F46000B5FF0 /* LaunchScreen.storyboard */ = {
			isa = PBXVariantGroup;
			children = (
				7E8B35941E924F46000B5FF0 /* Base */,
			);
			name = LaunchScreen.storyboard;
			sourceTree = "<group>";
		};
/* End PBXVariantGroup section */

/* Begin XCBuildConfiguration section */
		7E8B35971E924F46000B5FF0 /* Debug */ = {
			isa = XCBuildConfiguration;
			buildSettings = {
				ALWAYS_SEARCH_USER_PATHS = NO;
				CLANG_ANALYZER_NONNULL = YES;
				CLANG_CXX_LANGUAGE_STANDARD = "gnu++0x";
				CLANG_CXX_LIBRARY = "libc++";
				CLANG_ENABLE_MODULES = YES;
				CLANG_ENABLE_OBJC_ARC = YES;
				CLANG_WARN_BOOL_CONVERSION = YES;
				CLANG_WARN_CONSTANT_CONVERSION = YES;
				CLANG_WARN_DIRECT_OBJC_ISA_USAGE = YES_ERROR;
				CLANG_WARN_DOCUMENTATION_COMMENTS = YES;
				CLANG_WARN_EMPTY_BODY = YES;
				CLANG_WARN_ENUM_CONVERSION = YES;
				CLANG_WARN_INFINITE_RECURSION = YES;
				CLANG_WARN_INT_CONVERSION = YES;
				CLANG_WARN_OBJC_ROOT_CLASS = YES_ERROR;
				CLANG_WARN_SUSPICIOUS_MOVE = YES;
				CLANG_WARN_SUSPICIOUS_MOVES = YES;
				CLANG_WARN_UNREACHABLE_CODE = YES;
				CLANG_WARN__DUPLICATE_METHOD_MATCH = YES;
				CODE_SIGN_IDENTITY = "iPhone Distribution: Synerzip";
				"CODE_SIGN_IDENTITY[sdk=iphoneos*]" = "iPhone Developer";
				COPY_PHASE_STRIP = NO;
				DEBUG_INFORMATION_FORMAT = dwarf;
				ENABLE_STRICT_OBJC_MSGSEND = YES;
				ENABLE_TESTABILITY = YES;
				GCC_C_LANGUAGE_STANDARD = gnu99;
				GCC_DYNAMIC_NO_PIC = NO;
				GCC_NO_COMMON_BLOCKS = YES;
				GCC_OPTIMIZATION_LEVEL = 0;
				GCC_PREPROCESSOR_DEFINITIONS = (
					"DEBUG=1",
					"$(inherited)",
				);
				GCC_WARN_64_TO_32_BIT_CONVERSION = YES;
				GCC_WARN_ABOUT_RETURN_TYPE = YES_ERROR;
				GCC_WARN_UNDECLARED_SELECTOR = YES;
				GCC_WARN_UNINITIALIZED_AUTOS = YES_AGGRESSIVE;
				GCC_WARN_UNUSED_FUNCTION = YES;
				GCC_WARN_UNUSED_VARIABLE = YES;
				IPHONEOS_DEPLOYMENT_TARGET = 10.0;
				MTL_ENABLE_DEBUG_INFO = YES;
				ONLY_ACTIVE_ARCH = YES;
				SDKROOT = iphoneos;
				SWIFT_ACTIVE_COMPILATION_CONDITIONS = DEBUG;
				SWIFT_OPTIMIZATION_LEVEL = "-Onone";
			};
			name = Debug;
		};
		7E8B35981E924F46000B5FF0 /* Release */ = {
			isa = XCBuildConfiguration;
			buildSettings = {
				ALWAYS_SEARCH_USER_PATHS = NO;
				CLANG_ANALYZER_NONNULL = YES;
				CLANG_CXX_LANGUAGE_STANDARD = "gnu++0x";
				CLANG_CXX_LIBRARY = "libc++";
				CLANG_ENABLE_MODULES = YES;
				CLANG_ENABLE_OBJC_ARC = YES;
				CLANG_WARN_BOOL_CONVERSION = YES;
				CLANG_WARN_CONSTANT_CONVERSION = YES;
				CLANG_WARN_DIRECT_OBJC_ISA_USAGE = YES_ERROR;
				CLANG_WARN_DOCUMENTATION_COMMENTS = YES;
				CLANG_WARN_EMPTY_BODY = YES;
				CLANG_WARN_ENUM_CONVERSION = YES;
				CLANG_WARN_INFINITE_RECURSION = YES;
				CLANG_WARN_INT_CONVERSION = YES;
				CLANG_WARN_OBJC_ROOT_CLASS = YES_ERROR;
				CLANG_WARN_SUSPICIOUS_MOVE = YES;
				CLANG_WARN_SUSPICIOUS_MOVES = YES;
				CLANG_WARN_UNREACHABLE_CODE = YES;
				CLANG_WARN__DUPLICATE_METHOD_MATCH = YES;
				CODE_SIGN_IDENTITY = "iPhone Distribution: Synerzip";
				"CODE_SIGN_IDENTITY[sdk=iphoneos*]" = "iPhone Developer";
				COPY_PHASE_STRIP = NO;
				DEBUG_INFORMATION_FORMAT = "dwarf-with-dsym";
				ENABLE_NS_ASSERTIONS = NO;
				ENABLE_STRICT_OBJC_MSGSEND = YES;
				GCC_C_LANGUAGE_STANDARD = gnu99;
				GCC_NO_COMMON_BLOCKS = YES;
				GCC_WARN_64_TO_32_BIT_CONVERSION = YES;
				GCC_WARN_ABOUT_RETURN_TYPE = YES_ERROR;
				GCC_WARN_UNDECLARED_SELECTOR = YES;
				GCC_WARN_UNINITIALIZED_AUTOS = YES_AGGRESSIVE;
				GCC_WARN_UNUSED_FUNCTION = YES;
				GCC_WARN_UNUSED_VARIABLE = YES;
				IPHONEOS_DEPLOYMENT_TARGET = 10.0;
				MTL_ENABLE_DEBUG_INFO = NO;
				SDKROOT = iphoneos;
				SWIFT_OPTIMIZATION_LEVEL = "-Owholemodule";
				VALIDATE_PRODUCT = YES;
			};
			name = Release;
		};
		7E8B359A1E924F46000B5FF0 /* Debug */ = {
			isa = XCBuildConfiguration;
			baseConfigurationReference = E509DA2ADEF65B45592104AC /* Pods-Recircle.debug.xcconfig */;
			buildSettings = {
				ALWAYS_EMBED_SWIFT_STANDARD_LIBRARIES = YES;
				ASSETCATALOG_COMPILER_APPICON_NAME = AppIcon;
				CLANG_ENABLE_MODULES = YES;
				"CODE_SIGN_IDENTITY[sdk=iphoneos*]" = "iPhone Distribution";
				DEVELOPMENT_TEAM = 67822934AQ;
				INFOPLIST_FILE = Recircle/Info.plist;
				IPHONEOS_DEPLOYMENT_TARGET = 10.0;
				LD_RUNPATH_SEARCH_PATHS = "$(inherited) @executable_path/Frameworks";
				PRODUCT_BUNDLE_IDENTIFIER = com.synerzip.Recircle;
				PRODUCT_NAME = "$(TARGET_NAME)";
				PROVISIONING_PROFILE = "5b292bdf-23fd-478f-9a91-c5a18bdd632f";
				PROVISIONING_PROFILE_SPECIFIER = "Synerzip In house Wildcard";
				SWIFT_OBJC_BRIDGING_HEADER = "Recircle-Bridging-Header.h";
				SWIFT_OPTIMIZATION_LEVEL = "-Onone";
				SWIFT_VERSION = 3.0;
			};
			name = Debug;
		};
		7E8B359B1E924F46000B5FF0 /* Release */ = {
			isa = XCBuildConfiguration;
			baseConfigurationReference = FE736CD91884B649680498E5 /* Pods-Recircle.release.xcconfig */;
			buildSettings = {
				ALWAYS_EMBED_SWIFT_STANDARD_LIBRARIES = YES;
				ASSETCATALOG_COMPILER_APPICON_NAME = AppIcon;
				CLANG_ENABLE_MODULES = YES;
				"CODE_SIGN_IDENTITY[sdk=iphoneos*]" = "iPhone Distribution";
				DEVELOPMENT_TEAM = 67822934AQ;
				INFOPLIST_FILE = Recircle/Info.plist;
				IPHONEOS_DEPLOYMENT_TARGET = 10.0;
				LD_RUNPATH_SEARCH_PATHS = "$(inherited) @executable_path/Frameworks";
				PRODUCT_BUNDLE_IDENTIFIER = com.synerzip.Recircle;
				PRODUCT_NAME = "$(TARGET_NAME)";
				PROVISIONING_PROFILE = "5b292bdf-23fd-478f-9a91-c5a18bdd632f";
				PROVISIONING_PROFILE_SPECIFIER = "Synerzip In house Wildcard";
				SWIFT_OBJC_BRIDGING_HEADER = "Recircle-Bridging-Header.h";
				SWIFT_VERSION = 3.0;
			};
			name = Release;
		};
/* End XCBuildConfiguration section */

/* Begin XCConfigurationList section */
		7E8B357F1E924F45000B5FF0 /* Build configuration list for PBXProject "Recircle" */ = {
			isa = XCConfigurationList;
			buildConfigurations = (
				7E8B35971E924F46000B5FF0 /* Debug */,
				7E8B35981E924F46000B5FF0 /* Release */,
			);
			defaultConfigurationIsVisible = 0;
			defaultConfigurationName = Release;
		};
		7E8B35991E924F46000B5FF0 /* Build configuration list for PBXNativeTarget "Recircle" */ = {
			isa = XCConfigurationList;
			buildConfigurations = (
				7E8B359A1E924F46000B5FF0 /* Debug */,
				7E8B359B1E924F46000B5FF0 /* Release */,
			);
			defaultConfigurationIsVisible = 0;
			defaultConfigurationName = Release;
		};
/* End XCConfigurationList section */

/* Begin XCVersionGroup section */
		7E8B358E1E924F45000B5FF0 /* Recircle.xcdatamodeld */ = {
			isa = XCVersionGroup;
			children = (
				7E8B358F1E924F45000B5FF0 /* Recircle.xcdatamodel */,
			);
			currentVersion = 7E8B358F1E924F45000B5FF0 /* Recircle.xcdatamodel */;
			path = Recircle.xcdatamodeld;
			sourceTree = "<group>";
			versionGroupType = wrapper.xcdatamodel;
		};
/* End XCVersionGroup section */
	};
	rootObject = 7E8B357C1E924F45000B5FF0 /* Project object */;
}
